
Microsoft Visual Studio Solution File, Format Version 12.00
# Visual Studio Version 16
VisualStudioVersion = 16.0.28729.10
MinimumVisualStudioVersion = 10.0.40219.1
Project("{9A19103F-16F7-4668-BE54-9A1E7A4F7556}") = "Doughnut", "Doughnut\Doughnut.csproj", "{A244E425-A7B3-427C-B8DC-2508BDB47FA6}"
EndProject
Project("{FAE04EC0-301F-11D3-BF4B-00C04F79EFBC}") = "Doughnut.Provider", "Doughnut.Provider\Doughnut.Provider.csproj", "{921DDA4F-E819-476E-BFDC-D0F60609B8D6}"
EndProject
Project("{FAE04EC0-301F-11D3-BF4B-00C04F79EFBC}") = "Doughnut.Test", "Doughnut.Test\Doughnut.Test.csproj", "{5D3ECE97-8E7B-4B07-A83C-9F6C437B137E}"
EndProject
Global
	GlobalSection(SolutionConfigurationPlatforms) = preSolution
		Debug|Any CPU = Debug|Any CPU
		Release|Any CPU = Release|Any CPU
	EndGlobalSection
	GlobalSection(ProjectConfigurationPlatforms) = postSolution
		{A244E425-A7B3-427C-B8DC-2508BDB47FA6}.Debug|Any CPU.ActiveCfg = Debug|Any CPU
		{A244E425-A7B3-427C-B8DC-2508BDB47FA6}.Debug|Any CPU.Build.0 = Debug|Any CPU
		{A244E425-A7B3-427C-B8DC-2508BDB47FA6}.Release|Any CPU.ActiveCfg = Release|Any CPU
		{A244E425-A7B3-427C-B8DC-2508BDB47FA6}.Release|Any CPU.Build.0 = Release|Any CPU
		{921DDA4F-E819-476E-BFDC-D0F60609B8D6}.Debug|Any CPU.ActiveCfg = Debug|Any CPU
		{921DDA4F-E819-476E-BFDC-D0F60609B8D6}.Debug|Any CPU.Build.0 = Debug|Any CPU
		{921DDA4F-E819-476E-BFDC-D0F60609B8D6}.Release|Any CPU.ActiveCfg = Release|Any CPU
		{921DDA4F-E819-476E-BFDC-D0F60609B8D6}.Release|Any CPU.Build.0 = Release|Any CPU
		{5D3ECE97-8E7B-4B07-A83C-9F6C437B137E}.Debug|Any CPU.ActiveCfg = Debug|Any CPU
		{5D3ECE97-8E7B-4B07-A83C-9F6C437B137E}.Debug|Any CPU.Build.0 = Debug|Any CPU
		{5D3ECE97-8E7B-4B07-A83C-9F6C437B137E}.Release|Any CPU.ActiveCfg = Release|Any CPU
		{5D3ECE97-8E7B-4B07-A83C-9F6C437B137E}.Release|Any CPU.Build.0 = Release|Any CPU
	EndGlobalSection
	GlobalSection(SolutionProperties) = preSolution
		HideSolutionNode = FALSE
	EndGlobalSection
	GlobalSection(ExtensibilityGlobals) = postSolution
		SolutionGuid = {62BCA5A7-D194-41FD-8AFD-352FECF95AC5}
	EndGlobalSection
EndGlobal
